{
  "version": "2",
  "remote": {},
  "npm": {
    "specifiers": {
      "@anatine/zod-openapi": "@anatine/zod-openapi@2.1.0_openapi3-ts@4.1.2_zod@3.21.4",
      "@ts-rest/core": "@ts-rest/core@3.27.0_zod@3.21.4",
      "zod": "zod@3.21.4"
    },
    "packages": {
      "@anatine/zod-openapi@2.1.0_openapi3-ts@4.1.2_zod@3.21.4": {
        "integrity": "sha512-SQML15KBRP8FyV7djAEZiv3iCA0ve++WZ6wW3OBqrABwxszoOcXbtQs27eM13I7FN8GD/9NBSmoh1pgI+fM75A==",
        "dependencies": {
          "openapi3-ts": "openapi3-ts@4.1.2",
          "ts-deepmerge": "ts-deepmerge@6.2.0",
          "zod": "zod@3.21.4"
        }
      },
      "@ts-rest/core@3.27.0_zod@3.21.4": {
        "integrity": "sha512-Wy0Agj5pV9KN5Fch2thezTlGEEfGwUqrZW1h5oJUw6cKakhnvndYCjSPgt0/X7OycZfWIX0OAufrBAQ9FuYj3A==",
        "dependencies": {
          "zod": "zod@3.21.4"
        }
      },
      "openapi3-ts@4.1.2": {
        "integrity": "sha512-B7gOkwsYMZO7BZXwJzXCuVagym2xhqsrilVvV0dnq2Di4+iLUXKVX9gOK23ZqaAHZOwABXN0QTdW8QnkUTX6DA==",
        "dependencies": {
          "yaml": "yaml@2.3.1"
        }
      },
      "ts-deepmerge@6.2.0": {
        "integrity": "sha512-2qxI/FZVDPbzh63GwWIZYE7daWKtwXZYuyc8YNq0iTmMUwn4mL0jRLsp6hfFlgbdRSR4x2ppe+E86FnvEpN7Nw==",
        "dependencies": {}
      },
      "yaml@2.3.1": {
        "integrity": "sha512-2eHWfjaoXgTBC2jNM1LRef62VQa0umtvRiDSk6HSzW7RvS5YtkabJrwYLLEKWBc8a5U2PTSCs+dJjUTJdlHsWQ==",
        "dependencies": {}
      },
      "zod@3.21.4": {
        "integrity": "sha512-m46AKbrzKVzOzs/DZgVnG5H55N1sv1M8qZU3A8RIKbs3mrACDNeIOeilDymVb2HdmP8uwshOCF4uJ8uM9rCqJw==",
        "dependencies": {}
      }
    }
  }
}
